// !$*UTF8*$!
{
	archiveVersion = 1;
	classes = {
	};
	objectVersion = 56;
	objects = {

/* Begin PBXBuildFile section */
		E917AC272AB376C300E8F4F7 /* AuthenticationModel.swift in Sources */ = {isa = PBXBuildFile; fileRef = E917AC262AB376C300E8F4F7 /* AuthenticationModel.swift */; };
		E917AC292AB376D300E8F4F7 /* AuthenticationManager.swift in Sources */ = {isa = PBXBuildFile; fileRef = E917AC282AB376D300E8F4F7 /* AuthenticationManager.swift */; };
		E917AC2D2AB3795300E8F4F7 /* CommonService.swift in Sources */ = {isa = PBXBuildFile; fileRef = E917AC2C2AB3795300E8F4F7 /* CommonService.swift */; };
		E917AC312AB379AA00E8F4F7 /* Constants.swift in Sources */ = {isa = PBXBuildFile; fileRef = E917AC302AB379AA00E8F4F7 /* Constants.swift */; };
		E99BAFAE2AAA527200C578A3 /* AppDelegate.swift in Sources */ = {isa = PBXBuildFile; fileRef = E99BAFAD2AAA527200C578A3 /* AppDelegate.swift */; };
		E99BAFB02AAA527200C578A3 /* SceneDelegate.swift in Sources */ = {isa = PBXBuildFile; fileRef = E99BAFAF2AAA527200C578A3 /* SceneDelegate.swift */; };
		E99BAFB22AAA527200C578A3 /* WelcomeViewController.swift in Sources */ = {isa = PBXBuildFile; fileRef = E99BAFB12AAA527200C578A3 /* WelcomeViewController.swift */; };
		E99BAFB52AAA527200C578A3 /* Main.storyboard in Resources */ = {isa = PBXBuildFile; fileRef = E99BAFB32AAA527200C578A3 /* Main.storyboard */; };
		E99BAFB72AAA527300C578A3 /* Assets.xcassets in Resources */ = {isa = PBXBuildFile; fileRef = E99BAFB62AAA527300C578A3 /* Assets.xcassets */; };
		E99BAFBA2AAA527300C578A3 /* LaunchScreen.storyboard in Resources */ = {isa = PBXBuildFile; fileRef = E99BAFB82AAA527300C578A3 /* LaunchScreen.storyboard */; };
		E9DE5EC32AABA6C90053013C /* InformationViewController.swift in Sources */ = {isa = PBXBuildFile; fileRef = E9DE5EC22AABA6C90053013C /* InformationViewController.swift */; };
		E9DE5EC62AABA6F80053013C /* SignupViewController.swift in Sources */ = {isa = PBXBuildFile; fileRef = E9DE5EC52AABA6F80053013C /* SignupViewController.swift */; };
		E9DE5EC82AABA7180053013C /* SigninViewController.swift in Sources */ = {isa = PBXBuildFile; fileRef = E9DE5EC72AABA7180053013C /* SigninViewController.swift */; };
		E9DE5ECA2AABA7340053013C /* TodoViewController.swift in Sources */ = {isa = PBXBuildFile; fileRef = E9DE5EC92AABA7340053013C /* TodoViewController.swift */; };
		E9DE5ED02AAC6AF70053013C /* TodoCell.swift in Sources */ = {isa = PBXBuildFile; fileRef = E9DE5ECE2AAC6AF70053013C /* TodoCell.swift */; };
		E9DE5ED12AAC6AF70053013C /* TodoCell.xib in Resources */ = {isa = PBXBuildFile; fileRef = E9DE5ECF2AAC6AF70053013C /* TodoCell.xib */; };
		E9DE5ED32AAC6B7B0053013C /* TodoModel.swift in Sources */ = {isa = PBXBuildFile; fileRef = E9DE5ED22AAC6B7B0053013C /* TodoModel.swift */; };
		E9DE5ED62AB01F810053013C /* TodoManager.swift in Sources */ = {isa = PBXBuildFile; fileRef = E9DE5ED52AB01F810053013C /* TodoManager.swift */; };
		E9DE5ED92AB021F00053013C /* IQKeyboardManagerSwift in Frameworks */ = {isa = PBXBuildFile; productRef = E9DE5ED82AB021F00053013C /* IQKeyboardManagerSwift */; };
/* End PBXBuildFile section */

/* Begin PBXFileReference section */
		E917AC262AB376C300E8F4F7 /* AuthenticationModel.swift */ = {isa = PBXFileReference; lastKnownFileType = sourcecode.swift; path = AuthenticationModel.swift; sourceTree = "<group>"; };
		E917AC282AB376D300E8F4F7 /* AuthenticationManager.swift */ = {isa = PBXFileReference; lastKnownFileType = sourcecode.swift; path = AuthenticationManager.swift; sourceTree = "<group>"; };
		E917AC2C2AB3795300E8F4F7 /* CommonService.swift */ = {isa = PBXFileReference; lastKnownFileType = sourcecode.swift; path = CommonService.swift; sourceTree = "<group>"; };
		E917AC302AB379AA00E8F4F7 /* Constants.swift */ = {isa = PBXFileReference; lastKnownFileType = sourcecode.swift; path = Constants.swift; sourceTree = "<group>"; };
		E99BAFAA2AAA527200C578A3 /* Tick.app */ = {isa = PBXFileReference; explicitFileType = wrapper.application; includeInIndex = 0; path = Tick.app; sourceTree = BUILT_PRODUCTS_DIR; };
		E99BAFAD2AAA527200C578A3 /* AppDelegate.swift */ = {isa = PBXFileReference; lastKnownFileType = sourcecode.swift; path = AppDelegate.swift; sourceTree = "<group>"; };
		E99BAFAF2AAA527200C578A3 /* SceneDelegate.swift */ = {isa = PBXFileReference; lastKnownFileType = sourcecode.swift; path = SceneDelegate.swift; sourceTree = "<group>"; };
		E99BAFB12AAA527200C578A3 /* WelcomeViewController.swift */ = {isa = PBXFileReference; lastKnownFileType = sourcecode.swift; path = WelcomeViewController.swift; sourceTree = "<group>"; };
		E99BAFB42AAA527200C578A3 /* Base */ = {isa = PBXFileReference; lastKnownFileType = file.storyboard; name = Base; path = Base.lproj/Main.storyboard; sourceTree = "<group>"; };
		E99BAFB62AAA527300C578A3 /* Assets.xcassets */ = {isa = PBXFileReference; lastKnownFileType = folder.assetcatalog; path = Assets.xcassets; sourceTree = "<group>"; };
		E99BAFB92AAA527300C578A3 /* Base */ = {isa = PBXFileReference; lastKnownFileType = file.storyboard; name = Base; path = Base.lproj/LaunchScreen.storyboard; sourceTree = "<group>"; };
		E99BAFBB2AAA527300C578A3 /* Info.plist */ = {isa = PBXFileReference; lastKnownFileType = text.plist.xml; path = Info.plist; sourceTree = "<group>"; };
		E9DE5EC22AABA6C90053013C /* InformationViewController.swift */ = {isa = PBXFileReference; lastKnownFileType = sourcecode.swift; path = InformationViewController.swift; sourceTree = "<group>"; };
		E9DE5EC52AABA6F80053013C /* SignupViewController.swift */ = {isa = PBXFileReference; lastKnownFileType = sourcecode.swift; path = SignupViewController.swift; sourceTree = "<group>"; };
		E9DE5EC72AABA7180053013C /* SigninViewController.swift */ = {isa = PBXFileReference; lastKnownFileType = sourcecode.swift; path = SigninViewController.swift; sourceTree = "<group>"; };
		E9DE5EC92AABA7340053013C /* TodoViewController.swift */ = {isa = PBXFileReference; lastKnownFileType = sourcecode.swift; path = TodoViewController.swift; sourceTree = "<group>"; };
		E9DE5ECE2AAC6AF70053013C /* TodoCell.swift */ = {isa = PBXFileReference; lastKnownFileType = sourcecode.swift; path = TodoCell.swift; sourceTree = "<group>"; };
		E9DE5ECF2AAC6AF70053013C /* TodoCell.xib */ = {isa = PBXFileReference; lastKnownFileType = file.xib; path = TodoCell.xib; sourceTree = "<group>"; };
		E9DE5ED22AAC6B7B0053013C /* TodoModel.swift */ = {isa = PBXFileReference; lastKnownFileType = sourcecode.swift; path = TodoModel.swift; sourceTree = "<group>"; };
		E9DE5ED52AB01F810053013C /* TodoManager.swift */ = {isa = PBXFileReference; lastKnownFileType = sourcecode.swift; path = TodoManager.swift; sourceTree = "<group>"; };
/* End PBXFileReference section */

/* Begin PBXFrameworksBuildPhase section */
		E99BAFA72AAA527200C578A3 /* Frameworks */ = {
			isa = PBXFrameworksBuildPhase;
			buildActionMask = 2147483647;
			files = (
				E9DE5ED92AB021F00053013C /* IQKeyboardManagerSwift in Frameworks */,
			);
			runOnlyForDeploymentPostprocessing = 0;
		};
/* End PBXFrameworksBuildPhase section */

/* Begin PBXGroup section */
		E917AC2A2AB3793300E8F4F7 /* Authentication */ = {
			isa = PBXGroup;
			children = (
				E917AC262AB376C300E8F4F7 /* AuthenticationModel.swift */,
				E917AC282AB376D300E8F4F7 /* AuthenticationManager.swift */,
			);
			path = Authentication;
			sourceTree = "<group>";
		};
		E917AC2B2AB3793A00E8F4F7 /* Todo */ = {
			isa = PBXGroup;
			children = (
				E9DE5ED22AAC6B7B0053013C /* TodoModel.swift */,
				E9DE5ED52AB01F810053013C /* TodoManager.swift */,
			);
			path = Todo;
			sourceTree = "<group>";
		};
		E917AC322AB379B400E8F4F7 /* Constants */ = {
			isa = PBXGroup;
			children = (
				E917AC302AB379AA00E8F4F7 /* Constants.swift */,
			);
			name = Constants;
			sourceTree = "<group>";
		};
		E99BAFA12AAA527200C578A3 = {
			isa = PBXGroup;
			children = (
				E99BAFAC2AAA527200C578A3 /* Tick */,
				E99BAFAB2AAA527200C578A3 /* Products */,
			);
			sourceTree = "<group>";
		};
		E99BAFAB2AAA527200C578A3 /* Products */ = {
			isa = PBXGroup;
			children = (
				E99BAFAA2AAA527200C578A3 /* Tick.app */,
			);
			name = Products;
			sourceTree = "<group>";
		};
		E99BAFAC2AAA527200C578A3 /* Tick */ = {
			isa = PBXGroup;
			children = (
				E99BAFAD2AAA527200C578A3 /* AppDelegate.swift */,
				E99BAFAF2AAA527200C578A3 /* SceneDelegate.swift */,
				E917AC322AB379B400E8F4F7 /* Constants */,
				E9DE5ED42AAC6C540053013C /* Models */,
				E9DE5EC42AABA6D30053013C /* Controllers */,
				E9DE5ECB2AAC6AA90053013C /* Views */,
				E99BAFB62AAA527300C578A3 /* Assets.xcassets */,
				E99BAFBB2AAA527300C578A3 /* Info.plist */,
			);
			path = Tick;
			sourceTree = "<group>";
		};
		E9DE5EC42AABA6D30053013C /* Controllers */ = {
			isa = PBXGroup;
			children = (
				E99BAFB12AAA527200C578A3 /* WelcomeViewController.swift */,
				E9DE5EC22AABA6C90053013C /* InformationViewController.swift */,
				E9DE5EC52AABA6F80053013C /* SignupViewController.swift */,
				E9DE5EC72AABA7180053013C /* SigninViewController.swift */,
				E9DE5EC92AABA7340053013C /* TodoViewController.swift */,
			);
			path = Controllers;
			sourceTree = "<group>";
		};
		E9DE5ECB2AAC6AA90053013C /* Views */ = {
			isa = PBXGroup;
			children = (
				E99BAFB32AAA527200C578A3 /* Main.storyboard */,
				E99BAFB82AAA527300C578A3 /* LaunchScreen.storyboard */,
				E9DE5ECE2AAC6AF70053013C /* TodoCell.swift */,
				E9DE5ECF2AAC6AF70053013C /* TodoCell.xib */,
			);
			path = Views;
			sourceTree = "<group>";
		};
		E9DE5ED42AAC6C540053013C /* Models */ = {
			isa = PBXGroup;
			children = (
				E917AC2B2AB3793A00E8F4F7 /* Todo */,
				E917AC2A2AB3793300E8F4F7 /* Authentication */,
				E917AC2C2AB3795300E8F4F7 /* CommonService.swift */,
			);
			path = Models;
			sourceTree = "<group>";
		};
/* End PBXGroup section */

/* Begin PBXNativeTarget section */
		E99BAFA92AAA527200C578A3 /* Tick */ = {
			isa = PBXNativeTarget;
			buildConfigurationList = E99BAFBE2AAA527300C578A3 /* Build configuration list for PBXNativeTarget "Tick" */;
			buildPhases = (
				E99BAFA62AAA527200C578A3 /* Sources */,
				E99BAFA72AAA527200C578A3 /* Frameworks */,
				E99BAFA82AAA527200C578A3 /* Resources */,
			);
			buildRules = (
			);
			dependencies = (
			);
			name = Tick;
			packageProductDependencies = (
				E9DE5ED82AB021F00053013C /* IQKeyboardManagerSwift */,
			);
			productName = Tick;
			productReference = E99BAFAA2AAA527200C578A3 /* Tick.app */;
			productType = "com.apple.product-type.application";
		};
/* End PBXNativeTarget section */

/* Begin PBXProject section */
		E99BAFA22AAA527200C578A3 /* Project object */ = {
			isa = PBXProject;
			attributes = {
				BuildIndependentTargetsInParallel = 1;
				LastSwiftUpdateCheck = 1430;
				LastUpgradeCheck = 1430;
				TargetAttributes = {
					E99BAFA92AAA527200C578A3 = {
						CreatedOnToolsVersion = 14.3.1;
					};
				};
			};
			buildConfigurationList = E99BAFA52AAA527200C578A3 /* Build configuration list for PBXProject "Tick" */;
			compatibilityVersion = "Xcode 14.0";
			developmentRegion = en;
			hasScannedForEncodings = 0;
			knownRegions = (
				en,
				Base,
			);
			mainGroup = E99BAFA12AAA527200C578A3;
			packageReferences = (
				E9DE5ED72AB021F00053013C /* XCRemoteSwiftPackageReference "IQKeyboardManager" */,
			);
			productRefGroup = E99BAFAB2AAA527200C578A3 /* Products */;
			projectDirPath = "";
			projectRoot = "";
			targets = (
				E99BAFA92AAA527200C578A3 /* Tick */,
			);
		};
/* End PBXProject section */

/* Begin PBXResourcesBuildPhase section */
		E99BAFA82AAA527200C578A3 /* Resources */ = {
			isa = PBXResourcesBuildPhase;
			buildActionMask = 2147483647;
			files = (
				E9DE5ED12AAC6AF70053013C /* TodoCell.xib in Resources */,
				E99BAFBA2AAA527300C578A3 /* LaunchScreen.storyboard in Resources */,
				E99BAFB72AAA527300C578A3 /* Assets.xcassets in Resources */,
				E99BAFB52AAA527200C578A3 /* Main.storyboard in Resources */,
			);
			runOnlyForDeploymentPostprocessing = 0;
		};
/* End PBXResourcesBuildPhase section */

/* Begin PBXSourcesBuildPhase section */
		E99BAFA62AAA527200C578A3 /* Sources */ = {
			isa = PBXSourcesBuildPhase;
			buildActionMask = 2147483647;
			files = (
				E99BAFB22AAA527200C578A3 /* WelcomeViewController.swift in Sources */,
				E99BAFAE2AAA527200C578A3 /* AppDelegate.swift in Sources */,
				E9DE5ECA2AABA7340053013C /* TodoViewController.swift in Sources */,
				E9DE5ED32AAC6B7B0053013C /* TodoModel.swift in Sources */,
				E9DE5EC82AABA7180053013C /* SigninViewController.swift in Sources */,
				E9DE5ED62AB01F810053013C /* TodoManager.swift in Sources */,
				E917AC2D2AB3795300E8F4F7 /* CommonService.swift in Sources */,
				E9DE5ED02AAC6AF70053013C /* TodoCell.swift in Sources */,
				E99BAFB02AAA527200C578A3 /* SceneDelegate.swift in Sources */,
				E9DE5EC32AABA6C90053013C /* InformationViewController.swift in Sources */,
				E917AC292AB376D300E8F4F7 /* AuthenticationManager.swift in Sources */,
				E917AC312AB379AA00E8F4F7 /* Constants.swift in Sources */,
				E917AC272AB376C300E8F4F7 /* AuthenticationModel.swift in Sources */,
				E9DE5EC62AABA6F80053013C /* SignupViewController.swift in Sources */,
			);
			runOnlyForDeploymentPostprocessing = 0;
		};
/* End PBXSourcesBuildPhase section */

/* Begin PBXVariantGroup section */
		E99BAFB32AAA527200C578A3 /* Main.storyboard */ = {
			isa = PBXVariantGroup;
			children = (
				E99BAFB42AAA527200C578A3 /* Base */,
			);
			name = Main.storyboard;
			sourceTree = "<group>";
		};
		E99BAFB82AAA527300C578A3 /* LaunchScreen.storyboard */ = {
			isa = PBXVariantGroup;
			children = (
				E99BAFB92AAA527300C578A3 /* Base */,
			);
			name = LaunchScreen.storyboard;
			sourceTree = "<group>";
		};
/* End PBXVariantGroup section */

/* Begin XCBuildConfiguration section */
		E99BAFBC2AAA527300C578A3 /* Debug */ = {
			isa = XCBuildConfiguration;
			buildSettings = {
				ALWAYS_SEARCH_USER_PATHS = NO;
				CLANG_ANALYZER_NONNULL = YES;
				CLANG_ANALYZER_NUMBER_OBJECT_CONVERSION = YES_AGGRESSIVE;
				CLANG_CXX_LANGUAGE_STANDARD = "gnu++20";
				CLANG_ENABLE_MODULES = YES;
				CLANG_ENABLE_OBJC_ARC = YES;
				CLANG_ENABLE_OBJC_WEAK = YES;
				CLANG_WARN_BLOCK_CAPTURE_AUTORELEASING = YES;
				CLANG_WARN_BOOL_CONVERSION = YES;
				CLANG_WARN_COMMA = YES;
				CLANG_WARN_CONSTANT_CONVERSION = YES;
				CLANG_WARN_DEPRECATED_OBJC_IMPLEMENTATIONS = YES;
				CLANG_WARN_DIRECT_OBJC_ISA_USAGE = YES_ERROR;
				CLANG_WARN_DOCUMENTATION_COMMENTS = YES;
				CLANG_WARN_EMPTY_BODY = YES;
				CLANG_WARN_ENUM_CONVERSION = YES;
				CLANG_WARN_INFINITE_RECURSION = YES;
				CLANG_WARN_INT_CONVERSION = YES;
				CLANG_WARN_NON_LITERAL_NULL_CONVERSION = YES;
				CLANG_WARN_OBJC_IMPLICIT_RETAIN_SELF = YES;
				CLANG_WARN_OBJC_LITERAL_CONVERSION = YES;
				CLANG_WARN_OBJC_ROOT_CLASS = YES_ERROR;
				CLANG_WARN_QUOTED_INCLUDE_IN_FRAMEWORK_HEADER = YES;
				CLANG_WARN_RANGE_LOOP_ANALYSIS = YES;
				CLANG_WARN_STRICT_PROTOTYPES = YES;
				CLANG_WARN_SUSPICIOUS_MOVE = YES;
				CLANG_WARN_UNGUARDED_AVAILABILITY = YES_AGGRESSIVE;
				CLANG_WARN_UNREACHABLE_CODE = YES;
				CLANG_WARN__DUPLICATE_METHOD_MATCH = YES;
				COPY_PHASE_STRIP = NO;
				DEBUG_INFORMATION_FORMAT = dwarf;
				ENABLE_STRICT_OBJC_MSGSEND = YES;
				ENABLE_TESTABILITY = YES;
				GCC_C_LANGUAGE_STANDARD = gnu11;
				GCC_DYNAMIC_NO_PIC = NO;
				GCC_NO_COMMON_BLOCKS = YES;
				GCC_OPTIMIZATION_LEVEL = 0;
				GCC_PREPROCESSOR_DEFINITIONS = (
					"DEBUG=1",
					"$(inherited)",
				);
				GCC_WARN_64_TO_32_BIT_CONVERSION = YES;
				GCC_WARN_ABOUT_RETURN_TYPE = YES_ERROR;
				GCC_WARN_UNDECLARED_SELECTOR = YES;
				GCC_WARN_UNINITIALIZED_AUTOS = YES_AGGRESSIVE;
				GCC_WARN_UNUSED_FUNCTION = YES;
				GCC_WARN_UNUSED_VARIABLE = YES;
				IPHONEOS_DEPLOYMENT_TARGET = 16.4;
				MTL_ENABLE_DEBUG_INFO = INCLUDE_SOURCE;
				MTL_FAST_MATH = YES;
				ONLY_ACTIVE_ARCH = YES;
				SDKROOT = iphoneos;
				SWIFT_ACTIVE_COMPILATION_CONDITIONS = DEBUG;
				SWIFT_OPTIMIZATION_LEVEL = "-Onone";
			};
			name = Debug;
		};
		E99BAFBD2AAA527300C578A3 /* Release */ = {
			isa = XCBuildConfiguration;
			buildSettings = {
				ALWAYS_SEARCH_USER_PATHS = NO;
				CLANG_ANALYZER_NONNULL = YES;
				CLANG_ANALYZER_NUMBER_OBJECT_CONVERSION = YES_AGGRESSIVE;
				CLANG_CXX_LANGUAGE_STANDARD = "gnu++20";
				CLANG_ENABLE_MODULES = YES;
				CLANG_ENABLE_OBJC_ARC = YES;
				CLANG_ENABLE_OBJC_WEAK = YES;
				CLANG_WARN_BLOCK_CAPTURE_AUTORELEASING = YES;
				CLANG_WARN_BOOL_CONVERSION = YES;
				CLANG_WARN_COMMA = YES;
				CLANG_WARN_CONSTANT_CONVERSION = YES;
				CLANG_WARN_DEPRECATED_OBJC_IMPLEMENTATIONS = YES;
				CLANG_WARN_DIRECT_OBJC_ISA_USAGE = YES_ERROR;
				CLANG_WARN_DOCUMENTATION_COMMENTS = YES;
				CLANG_WARN_EMPTY_BODY = YES;
				CLANG_WARN_ENUM_CONVERSION = YES;
				CLANG_WARN_INFINITE_RECURSION = YES;
				CLANG_WARN_INT_CONVERSION = YES;
				CLANG_WARN_NON_LITERAL_NULL_CONVERSION = YES;
				CLANG_WARN_OBJC_IMPLICIT_RETAIN_SELF = YES;
				CLANG_WARN_OBJC_LITERAL_CONVERSION = YES;
				CLANG_WARN_OBJC_ROOT_CLASS = YES_ERROR;
				CLANG_WARN_QUOTED_INCLUDE_IN_FRAMEWORK_HEADER = YES;
				CLANG_WARN_RANGE_LOOP_ANALYSIS = YES;
				CLANG_WARN_STRICT_PROTOTYPES = YES;
				CLANG_WARN_SUSPICIOUS_MOVE = YES;
				CLANG_WARN_UNGUARDED_AVAILABILITY = YES_AGGRESSIVE;
				CLANG_WARN_UNREACHABLE_CODE = YES;
				CLANG_WARN__DUPLICATE_METHOD_MATCH = YES;
				COPY_PHASE_STRIP = NO;
				DEBUG_INFORMATION_FORMAT = "dwarf-with-dsym";
				ENABLE_NS_ASSERTIONS = NO;
				ENABLE_STRICT_OBJC_MSGSEND = YES;
				GCC_C_LANGUAGE_STANDARD = gnu11;
				GCC_NO_COMMON_BLOCKS = YES;
				GCC_WARN_64_TO_32_BIT_CONVERSION = YES;
				GCC_WARN_ABOUT_RETURN_TYPE = YES_ERROR;
				GCC_WARN_UNDECLARED_SELECTOR = YES;
				GCC_WARN_UNINITIALIZED_AUTOS = YES_AGGRESSIVE;
				GCC_WARN_UNUSED_FUNCTION = YES;
				GCC_WARN_UNUSED_VARIABLE = YES;
				IPHONEOS_DEPLOYMENT_TARGET = 16.4;
				MTL_ENABLE_DEBUG_INFO = NO;
				MTL_FAST_MATH = YES;
				SDKROOT = iphoneos;
				SWIFT_COMPILATION_MODE = wholemodule;
				SWIFT_OPTIMIZATION_LEVEL = "-O";
				VALIDATE_PRODUCT = YES;
			};
			name = Release;
		};
		E99BAFBF2AAA527300C578A3 /* Debug */ = {
			isa = XCBuildConfiguration;
			buildSettings = {
				ASSETCATALOG_COMPILER_APPICON_NAME = AppIcon;
				ASSETCATALOG_COMPILER_GLOBAL_ACCENT_COLOR_NAME = AccentColor;
				CODE_SIGN_STYLE = Automatic;
				CURRENT_PROJECT_VERSION = 1;
				DEVELOPMENT_TEAM = 699B45TF7E;
				GENERATE_INFOPLIST_FILE = YES;
				INFOPLIST_FILE = Tick/Info.plist;
				INFOPLIST_KEY_CFBundleDisplayName = Tick;
				INFOPLIST_KEY_LSApplicationCategoryType = "public.app-category.productivity";
				INFOPLIST_KEY_UIApplicationSupportsIndirectInputEvents = YES;
				INFOPLIST_KEY_UILaunchStoryboardName = LaunchScreen.storyboard;
				INFOPLIST_KEY_UIMainStoryboardFile = Main;
				INFOPLIST_KEY_UIRequiresFullScreen = NO;
				INFOPLIST_KEY_UISupportedInterfaceOrientations_iPad = "UIInterfaceOrientationPortrait UIInterfaceOrientationPortraitUpsideDown UIInterfaceOrientationLandscapeLeft UIInterfaceOrientationLandscapeRight";
				INFOPLIST_KEY_UISupportedInterfaceOrientations_iPhone = "UIInterfaceOrientationPortrait UIInterfaceOrientationLandscapeLeft UIInterfaceOrientationLandscapeRight";
				LD_RUNPATH_SEARCH_PATHS = (
					"$(inherited)",
					"@executable_path/Frameworks",
				);
				MARKETING_VERSION = 1.0;
				PRODUCT_BUNDLE_IDENTIFIER = com.satyamsovan123.Tick;
				PRODUCT_NAME = "$(TARGET_NAME)";
				SUPPORTED_PLATFORMS = "iphoneos iphonesimulator";
				SUPPORTS_MACCATALYST = NO;
				SUPPORTS_MAC_DESIGNED_FOR_IPHONE_IPAD = NO;
				SWIFT_EMIT_LOC_STRINGS = YES;
				SWIFT_VERSION = 5.0;
				TARGETED_DEVICE_FAMILY = "1,2";
			};
			name = Debug;
		};
		E99BAFC02AAA527300C578A3 /* Release */ = {
			isa = XCBuildConfiguration;
			buildSettings = {
				ASSETCATALOG_COMPILER_APPICON_NAME = AppIcon;
				ASSETCATALOG_COMPILER_GLOBAL_ACCENT_COLOR_NAME = AccentColor;
				CODE_SIGN_STYLE = Automatic;
				CURRENT_PROJECT_VERSION = 1;
				DEVELOPMENT_TEAM = 699B45TF7E;
				GENERATE_INFOPLIST_FILE = YES;
				INFOPLIST_FILE = Tick/Info.plist;
				INFOPLIST_KEY_CFBundleDisplayName = Tick;
				INFOPLIST_KEY_LSApplicationCategoryType = "public.app-category.productivity";
				INFOPLIST_KEY_UIApplicationSupportsIndirectInputEvents = YES;
				INFOPLIST_KEY_UILaunchStoryboardName = LaunchScreen.storyboard;
				INFOPLIST_KEY_UIMainStoryboardFile = Main;
				INFOPLIST_KEY_UIRequiresFullScreen = NO;
				INFOPLIST_KEY_UISupportedInterfaceOrientations_iPad = "UIInterfaceOrientationPortrait UIInterfaceOrientationPortraitUpsideDown UIInterfaceOrientationLandscapeLeft UIInterfaceOrientationLandscapeRight";
				INFOPLIST_KEY_UISupportedInterfaceOrientations_iPhone = "UIInterfaceOrientationPortrait UIInterfaceOrientationLandscapeLeft UIInterfaceOrientationLandscapeRight";
				LD_RUNPATH_SEARCH_PATHS = (
					"$(inherited)",
					"@executable_path/Frameworks",
				);
				MARKETING_VERSION = 1.0;
				PRODUCT_BUNDLE_IDENTIFIER = com.satyamsovan123.Tick;
				PRODUCT_NAME = "$(TARGET_NAME)";
				SUPPORTED_PLATFORMS = "iphoneos iphonesimulator";
				SUPPORTS_MACCATALYST = NO;
				SUPPORTS_MAC_DESIGNED_FOR_IPHONE_IPAD = NO;
				SWIFT_EMIT_LOC_STRINGS = YES;
				SWIFT_VERSION = 5.0;
				TARGETED_DEVICE_FAMILY = "1,2";
			};
			name = Release;
		};
/* End XCBuildConfiguration section */

/* Begin XCConfigurationList section */
		E99BAFA52AAA527200C578A3 /* Build configuration list for PBXProject "Tick" */ = {
			isa = XCConfigurationList;
			buildConfigurations = (
				E99BAFBC2AAA527300C578A3 /* Debug */,
				E99BAFBD2AAA527300C578A3 /* Release */,
			);
			defaultConfigurationIsVisible = 0;
			defaultConfigurationName = Release;
		};
		E99BAFBE2AAA527300C578A3 /* Build configuration list for PBXNativeTarget "Tick" */ = {
			isa = XCConfigurationList;
			buildConfigurations = (
				E99BAFBF2AAA527300C578A3 /* Debug */,
				E99BAFC02AAA527300C578A3 /* Release */,
			);
			defaultConfigurationIsVisible = 0;
			defaultConfigurationName = Release;
		};
/* End XCConfigurationList section */

/* Begin XCRemoteSwiftPackageReference section */
		E9DE5ED72AB021F00053013C /* XCRemoteSwiftPackageReference "IQKeyboardManager" */ = {
			isa = XCRemoteSwiftPackageReference;
			repositoryURL = "https://github.com/hackiftekhar/IQKeyboardManager";
			requirement = {
				kind = upToNextMajorVersion;
				minimumVersion = 6.0.0;
			};
		};
/* End XCRemoteSwiftPackageReference section */

/* Begin XCSwiftPackageProductDependency section */
		E9DE5ED82AB021F00053013C /* IQKeyboardManagerSwift */ = {
			isa = XCSwiftPackageProductDependency;
			package = E9DE5ED72AB021F00053013C /* XCRemoteSwiftPackageReference "IQKeyboardManager" */;
			productName = IQKeyboardManagerSwift;
		};
/* End XCSwiftPackageProductDependency section */
	};
	rootObject = E99BAFA22AAA527200C578A3 /* Project object */;
}
